
Microsoft Visual Studio Solution File, Format Version 12.00
# Visual Studio Version 17
VisualStudioVersion = 17.7.34202.233
MinimumVisualStudioVersion = 10.0.40219.1
Project("{8BC9CEB8-8B4A-11D0-8D11-00A0C91BC942}") = "Chapter4InitializeD3D12", "Chapter4 Initialize D3D12.vcxproj", "{772B6257-D7A6-4DF7-868E-645B6E608C56}"
EndProject
Project("{8BC9CEB8-8B4A-11D0-8D11-00A0C91BC942}") = "Chapter6DrawingInDirect3D", "..\Chapter6DrawingInDirect3D\Chapter6DrawingInDirect3D.vcxproj", "{6165BD2B-B33D-4483-B294-B328243CB746}"
EndProject
Project("{8BC9CEB8-8B4A-11D0-8D11-00A0C91BC942}") = "Chapter7DrawingInDirect3DPart2", "..\Chapter7DrawingInDirect3DPart2\Chapter7DrawingInDirect3DPart2.vcxproj", "{EF2BF27A-25D8-446B-9B60-035BC04C6A7E}"
EndProject
Project("{8BC9CEB8-8B4A-11D0-8D11-00A0C91BC942}") = "Chapter8Lighting", "..\Chapter8Lighting\Chapter8Lighting.vcxproj", "{10B3BEA8-9CD1-4C28-B481-340F2F05E5EB}"
EndProject
Project("{8BC9CEB8-8B4A-11D0-8D11-00A0C91BC942}") = "Chapter9Texturing", "..\Chapter9Texturing\Chapter9Texturing.vcxproj", "{31F1704A-44AA-4CE4-BF34-C26D2B9FDEB4}"
EndProject
Project("{8BC9CEB8-8B4A-11D0-8D11-00A0C91BC942}") = "Chapter10Blending", "..\Chapter10Blending\Chapter10Blending.vcxproj", "{7D24B2E0-792B-4DD5-9C5D-A4CE6DB5029D}"
EndProject
Project("{8BC9CEB8-8B4A-11D0-8D11-00A0C91BC942}") = "Chapter11Stenciling", "..\Chapter11Stenciling\Chapter11Stenciling.vcxproj", "{CF4D248E-2FCD-4F0F-9B01-EA2DAD4CFA80}"
EndProject
Project("{8BC9CEB8-8B4A-11D0-8D11-00A0C91BC942}") = "Chapter12GeometryShader", "..\Chapter12GeometryShader\Chapter12GeometryShader.vcxproj", "{9A51BB00-5CD3-4285-999D-B0A00E758E9A}"
EndProject
Project("{8BC9CEB8-8B4A-11D0-8D11-00A0C91BC942}") = "Chapter13ComputeShader", "..\Chapter13ComputeShader\Chapter13ComputeShader.vcxproj", "{867B35B4-EC3F-45D6-8377-8ADFC48728BA}"
EndProject
Project("{8BC9CEB8-8B4A-11D0-8D11-00A0C91BC942}") = "Chapter14TessellationStages", "..\Chapter14TessellationStages\Chapter14TessellationStages.vcxproj", "{77B8A0D5-6350-42D6-A5A0-73F08AB2AA85}"
EndProject
Project("{8BC9CEB8-8B4A-11D0-8D11-00A0C91BC942}") = "Chapter15FirstPersonCameraAndDynamicIndexing", "..\Chapter15FirstPersonCameraAndDynamicIndexing\Chapter15FirstPersonCameraAndDynamicIndexing.vcxproj", "{E6C9C9D6-266F-4543-B6EF-C1A990F6A8AC}"
EndProject
Project("{8BC9CEB8-8B4A-11D0-8D11-00A0C91BC942}") = "Chapter16InstancingAndFrustumCulling", "..\Chapter16InstancingAndFrustumCulling\Chapter16InstancingAndFrustumCulling.vcxproj", "{E92FBC39-A2E6-4FEE-AB0A-D057CCEF5A73}"
EndProject
Global
	GlobalSection(SolutionConfigurationPlatforms) = preSolution
		Debug|x64 = Debug|x64
		Debug|x86 = Debug|x86
		Release|x64 = Release|x64
		Release|x86 = Release|x86
	EndGlobalSection
	GlobalSection(ProjectConfigurationPlatforms) = postSolution
		{772B6257-D7A6-4DF7-868E-645B6E608C56}.Debug|x64.ActiveCfg = Debug|x64
		{772B6257-D7A6-4DF7-868E-645B6E608C56}.Debug|x64.Build.0 = Debug|x64
		{772B6257-D7A6-4DF7-868E-645B6E608C56}.Debug|x86.ActiveCfg = Debug|Win32
		{772B6257-D7A6-4DF7-868E-645B6E608C56}.Debug|x86.Build.0 = Debug|Win32
		{772B6257-D7A6-4DF7-868E-645B6E608C56}.Release|x64.ActiveCfg = Release|x64
		{772B6257-D7A6-4DF7-868E-645B6E608C56}.Release|x64.Build.0 = Release|x64
		{772B6257-D7A6-4DF7-868E-645B6E608C56}.Release|x86.ActiveCfg = Release|Win32
		{772B6257-D7A6-4DF7-868E-645B6E608C56}.Release|x86.Build.0 = Release|Win32
		{6165BD2B-B33D-4483-B294-B328243CB746}.Debug|x64.ActiveCfg = Debug|x64
		{6165BD2B-B33D-4483-B294-B328243CB746}.Debug|x64.Build.0 = Debug|x64
		{6165BD2B-B33D-4483-B294-B328243CB746}.Debug|x86.ActiveCfg = Debug|Win32
		{6165BD2B-B33D-4483-B294-B328243CB746}.Debug|x86.Build.0 = Debug|Win32
		{6165BD2B-B33D-4483-B294-B328243CB746}.Release|x64.ActiveCfg = Release|x64
		{6165BD2B-B33D-4483-B294-B328243CB746}.Release|x64.Build.0 = Release|x64
		{6165BD2B-B33D-4483-B294-B328243CB746}.Release|x86.ActiveCfg = Release|Win32
		{6165BD2B-B33D-4483-B294-B328243CB746}.Release|x86.Build.0 = Release|Win32
		{EF2BF27A-25D8-446B-9B60-035BC04C6A7E}.Debug|x64.ActiveCfg = Debug|x64
		{EF2BF27A-25D8-446B-9B60-035BC04C6A7E}.Debug|x64.Build.0 = Debug|x64
		{EF2BF27A-25D8-446B-9B60-035BC04C6A7E}.Debug|x86.ActiveCfg = Debug|Win32
		{EF2BF27A-25D8-446B-9B60-035BC04C6A7E}.Debug|x86.Build.0 = Debug|Win32
		{EF2BF27A-25D8-446B-9B60-035BC04C6A7E}.Release|x64.ActiveCfg = Release|x64
		{EF2BF27A-25D8-446B-9B60-035BC04C6A7E}.Release|x64.Build.0 = Release|x64
		{EF2BF27A-25D8-446B-9B60-035BC04C6A7E}.Release|x86.ActiveCfg = Release|Win32
		{EF2BF27A-25D8-446B-9B60-035BC04C6A7E}.Release|x86.Build.0 = Release|Win32
		{10B3BEA8-9CD1-4C28-B481-340F2F05E5EB}.Debug|x64.ActiveCfg = Debug|x64
		{10B3BEA8-9CD1-4C28-B481-340F2F05E5EB}.Debug|x64.Build.0 = Debug|x64
		{10B3BEA8-9CD1-4C28-B481-340F2F05E5EB}.Debug|x86.ActiveCfg = Debug|Win32
		{10B3BEA8-9CD1-4C28-B481-340F2F05E5EB}.Debug|x86.Build.0 = Debug|Win32
		{10B3BEA8-9CD1-4C28-B481-340F2F05E5EB}.Release|x64.ActiveCfg = Release|x64
		{10B3BEA8-9CD1-4C28-B481-340F2F05E5EB}.Release|x64.Build.0 = Release|x64
		{10B3BEA8-9CD1-4C28-B481-340F2F05E5EB}.Release|x86.ActiveCfg = Release|Win32
		{10B3BEA8-9CD1-4C28-B481-340F2F05E5EB}.Release|x86.Build.0 = Release|Win32
		{31F1704A-44AA-4CE4-BF34-C26D2B9FDEB4}.Debug|x64.ActiveCfg = Debug|x64
		{31F1704A-44AA-4CE4-BF34-C26D2B9FDEB4}.Debug|x64.Build.0 = Debug|x64
		{31F1704A-44AA-4CE4-BF34-C26D2B9FDEB4}.Debug|x86.ActiveCfg = Debug|Win32
		{31F1704A-44AA-4CE4-BF34-C26D2B9FDEB4}.Debug|x86.Build.0 = Debug|Win32
		{31F1704A-44AA-4CE4-BF34-C26D2B9FDEB4}.Release|x64.ActiveCfg = Release|x64
		{31F1704A-44AA-4CE4-BF34-C26D2B9FDEB4}.Release|x64.Build.0 = Release|x64
		{31F1704A-44AA-4CE4-BF34-C26D2B9FDEB4}.Release|x86.ActiveCfg = Release|Win32
		{31F1704A-44AA-4CE4-BF34-C26D2B9FDEB4}.Release|x86.Build.0 = Release|Win32
		{7D24B2E0-792B-4DD5-9C5D-A4CE6DB5029D}.Debug|x64.ActiveCfg = Debug|x64
		{7D24B2E0-792B-4DD5-9C5D-A4CE6DB5029D}.Debug|x64.Build.0 = Debug|x64
		{7D24B2E0-792B-4DD5-9C5D-A4CE6DB5029D}.Debug|x86.ActiveCfg = Debug|Win32
		{7D24B2E0-792B-4DD5-9C5D-A4CE6DB5029D}.Debug|x86.Build.0 = Debug|Win32
		{7D24B2E0-792B-4DD5-9C5D-A4CE6DB5029D}.Release|x64.ActiveCfg = Release|x64
		{7D24B2E0-792B-4DD5-9C5D-A4CE6DB5029D}.Release|x64.Build.0 = Release|x64
		{7D24B2E0-792B-4DD5-9C5D-A4CE6DB5029D}.Release|x86.ActiveCfg = Release|Win32
		{7D24B2E0-792B-4DD5-9C5D-A4CE6DB5029D}.Release|x86.Build.0 = Release|Win32
		{CF4D248E-2FCD-4F0F-9B01-EA2DAD4CFA80}.Debug|x64.ActiveCfg = Debug|x64
		{CF4D248E-2FCD-4F0F-9B01-EA2DAD4CFA80}.Debug|x64.Build.0 = Debug|x64
		{CF4D248E-2FCD-4F0F-9B01-EA2DAD4CFA80}.Debug|x86.ActiveCfg = Debug|Win32
		{CF4D248E-2FCD-4F0F-9B01-EA2DAD4CFA80}.Debug|x86.Build.0 = Debug|Win32
		{CF4D248E-2FCD-4F0F-9B01-EA2DAD4CFA80}.Release|x64.ActiveCfg = Release|x64
		{CF4D248E-2FCD-4F0F-9B01-EA2DAD4CFA80}.Release|x64.Build.0 = Release|x64
		{CF4D248E-2FCD-4F0F-9B01-EA2DAD4CFA80}.Release|x86.ActiveCfg = Release|Win32
		{CF4D248E-2FCD-4F0F-9B01-EA2DAD4CFA80}.Release|x86.Build.0 = Release|Win32
		{9A51BB00-5CD3-4285-999D-B0A00E758E9A}.Debug|x64.ActiveCfg = Debug|x64
		{9A51BB00-5CD3-4285-999D-B0A00E758E9A}.Debug|x64.Build.0 = Debug|x64
		{9A51BB00-5CD3-4285-999D-B0A00E758E9A}.Debug|x86.ActiveCfg = Debug|Win32
		{9A51BB00-5CD3-4285-999D-B0A00E758E9A}.Debug|x86.Build.0 = Debug|Win32
		{9A51BB00-5CD3-4285-999D-B0A00E758E9A}.Release|x64.ActiveCfg = Release|x64
		{9A51BB00-5CD3-4285-999D-B0A00E758E9A}.Release|x64.Build.0 = Release|x64
		{9A51BB00-5CD3-4285-999D-B0A00E758E9A}.Release|x86.ActiveCfg = Release|Win32
		{9A51BB00-5CD3-4285-999D-B0A00E758E9A}.Release|x86.Build.0 = Release|Win32
		{867B35B4-EC3F-45D6-8377-8ADFC48728BA}.Debug|x64.ActiveCfg = Debug|x64
		{867B35B4-EC3F-45D6-8377-8ADFC48728BA}.Debug|x64.Build.0 = Debug|x64
		{867B35B4-EC3F-45D6-8377-8ADFC48728BA}.Debug|x86.ActiveCfg = Debug|Win32
		{867B35B4-EC3F-45D6-8377-8ADFC48728BA}.Debug|x86.Build.0 = Debug|Win32
		{867B35B4-EC3F-45D6-8377-8ADFC48728BA}.Release|x64.ActiveCfg = Release|x64
		{867B35B4-EC3F-45D6-8377-8ADFC48728BA}.Release|x64.Build.0 = Release|x64
		{867B35B4-EC3F-45D6-8377-8ADFC48728BA}.Release|x86.ActiveCfg = Release|Win32
		{867B35B4-EC3F-45D6-8377-8ADFC48728BA}.Release|x86.Build.0 = Release|Win32
		{77B8A0D5-6350-42D6-A5A0-73F08AB2AA85}.Debug|x64.ActiveCfg = Debug|x64
		{77B8A0D5-6350-42D6-A5A0-73F08AB2AA85}.Debug|x64.Build.0 = Debug|x64
		{77B8A0D5-6350-42D6-A5A0-73F08AB2AA85}.Debug|x86.ActiveCfg = Debug|Win32
		{77B8A0D5-6350-42D6-A5A0-73F08AB2AA85}.Debug|x86.Build.0 = Debug|Win32
		{77B8A0D5-6350-42D6-A5A0-73F08AB2AA85}.Release|x64.ActiveCfg = Release|x64
		{77B8A0D5-6350-42D6-A5A0-73F08AB2AA85}.Release|x64.Build.0 = Release|x64
		{77B8A0D5-6350-42D6-A5A0-73F08AB2AA85}.Release|x86.ActiveCfg = Release|Win32
		{77B8A0D5-6350-42D6-A5A0-73F08AB2AA85}.Release|x86.Build.0 = Release|Win32
		{E6C9C9D6-266F-4543-B6EF-C1A990F6A8AC}.Debug|x64.ActiveCfg = Debug|x64
		{E6C9C9D6-266F-4543-B6EF-C1A990F6A8AC}.Debug|x64.Build.0 = Debug|x64
		{E6C9C9D6-266F-4543-B6EF-C1A990F6A8AC}.Debug|x86.ActiveCfg = Debug|Win32
		{E6C9C9D6-266F-4543-B6EF-C1A990F6A8AC}.Debug|x86.Build.0 = Debug|Win32
		{E6C9C9D6-266F-4543-B6EF-C1A990F6A8AC}.Release|x64.ActiveCfg = Release|x64
		{E6C9C9D6-266F-4543-B6EF-C1A990F6A8AC}.Release|x64.Build.0 = Release|x64
		{E6C9C9D6-266F-4543-B6EF-C1A990F6A8AC}.Release|x86.ActiveCfg = Release|Win32
		{E6C9C9D6-266F-4543-B6EF-C1A990F6A8AC}.Release|x86.Build.0 = Release|Win32
		{E92FBC39-A2E6-4FEE-AB0A-D057CCEF5A73}.Debug|x64.ActiveCfg = Debug|x64
		{E92FBC39-A2E6-4FEE-AB0A-D057CCEF5A73}.Debug|x64.Build.0 = Debug|x64
		{E92FBC39-A2E6-4FEE-AB0A-D057CCEF5A73}.Debug|x86.ActiveCfg = Debug|Win32
		{E92FBC39-A2E6-4FEE-AB0A-D057CCEF5A73}.Debug|x86.Build.0 = Debug|Win32
		{E92FBC39-A2E6-4FEE-AB0A-D057CCEF5A73}.Release|x64.ActiveCfg = Release|x64
		{E92FBC39-A2E6-4FEE-AB0A-D057CCEF5A73}.Release|x64.Build.0 = Release|x64
		{E92FBC39-A2E6-4FEE-AB0A-D057CCEF5A73}.Release|x86.ActiveCfg = Release|Win32
		{E92FBC39-A2E6-4FEE-AB0A-D057CCEF5A73}.Release|x86.Build.0 = Release|Win32
	EndGlobalSection
	GlobalSection(SolutionProperties) = preSolution
		HideSolutionNode = FALSE
	EndGlobalSection
	GlobalSection(ExtensibilityGlobals) = postSolution
		SolutionGuid = {D31F98A4-B8D8-4357-8319-C1F41690AC21}
	EndGlobalSection
EndGlobal
